{
  "name": "veor-runtime",
  "version": "0.4.0-dev.2",
  "lockfileVersion": 3,
  "requires": true,
  "packages": {
    "": {
      "name": "veor-runtime",
      "version": "0.4.0-dev.2",
      "license": "MIT",
      "bin": {
        "veor": "src/cli.js",
        "veor-kernel": "src/kernel/stdio.js",
        "veor-mcp": "src/mcp/stdio.js"
      },
      "engines": {
        "node": ">=22"
      }
    }
  }
}
